uuid: 8c75cec5-9a73-476d-a900-af16376578cd
langcode: en-gb
status: true
dependencies:
  config:
    - paragraphs.paragraphs_type.contact_block
  module:
    - content_translation
third_party_settings:
  content_translation:
    enabled: true
    bundle_settings:
      untranslatable_fields_hide: '1'
id: paragraph.contact_block
target_entity_type_id: paragraph
target_bundle: contact_block
default_langcode: site_default
language_alterable: true
